version: 4
environments:
  default:
    channels:
    - url: https://conda.anaconda.org/conda-forge/
    packages:
      osx-arm64:
      - conda: https://conda.anaconda.org/conda-forge/osx-arm64/brotli-1.1.0-hb547adb_1.conda
      - conda: https://conda.anaconda.org/conda-forge/osx-arm64/brotli-bin-1.1.0-hb547adb_1.conda
      - conda: https://conda.anaconda.org/conda-forge/osx-arm64/bzip2-1.0.8-h93a5062_5.conda
      - conda: https://conda.anaconda.org/conda-forge/osx-arm64/ca-certificates-2024.2.2-hf0a4a13_0.conda
      - conda: https://conda.anaconda.org/conda-forge/noarch/certifi-2024.2.2-pyhd8ed1ab_0.conda
      - conda: https://conda.anaconda.org/conda-forge/osx-arm64/contourpy-1.2.1-py312h0fef576_0.conda
      - conda: https://conda.anaconda.org/conda-forge/noarch/cycler-0.12.1-pyhd8ed1ab_0.conda
      - conda: https://conda.anaconda.org/conda-forge/osx-arm64/fonttools-4.51.0-py312he37b823_0.conda
      - conda: https://conda.anaconda.org/conda-forge/osx-arm64/freetype-2.12.1-hadb7bae_2.conda
      - conda: https://conda.anaconda.org/conda-forge/osx-arm64/kiwisolver-1.4.5-py312h389731b_1.conda
      - conda: https://conda.anaconda.org/conda-forge/osx-arm64/lcms2-2.16-ha0e7c42_0.conda
      - conda: https://conda.anaconda.org/conda-forge/osx-arm64/lerc-4.0.0-h9a09cb3_0.tar.bz2
      - conda: https://conda.anaconda.org/conda-forge/osx-arm64/libblas-3.9.0-22_osxarm64_openblas.conda
      - conda: https://conda.anaconda.org/conda-forge/osx-arm64/libbrotlicommon-1.1.0-hb547adb_1.conda
      - conda: https://conda.anaconda.org/conda-forge/osx-arm64/libbrotlidec-1.1.0-hb547adb_1.conda
      - conda: https://conda.anaconda.org/conda-forge/osx-arm64/libbrotlienc-1.1.0-hb547adb_1.conda
      - conda: https://conda.anaconda.org/conda-forge/osx-arm64/libcblas-3.9.0-22_osxarm64_openblas.conda
      - conda: https://conda.anaconda.org/conda-forge/osx-arm64/libcxx-17.0.6-h5f092b4_0.conda
      - conda: https://conda.anaconda.org/conda-forge/osx-arm64/libdeflate-1.20-h93a5062_0.conda
      - conda: https://conda.anaconda.org/conda-forge/osx-arm64/libexpat-2.6.2-hebf3989_0.conda
      - conda: https://conda.anaconda.org/conda-forge/osx-arm64/libffi-3.4.2-h3422bc3_5.tar.bz2
      - conda: https://conda.anaconda.org/conda-forge/osx-arm64/libgfortran-5.0.0-13_2_0_hd922786_3.conda
      - conda: https://conda.anaconda.org/conda-forge/osx-arm64/libgfortran5-13.2.0-hf226fd6_3.conda
      - conda: https://conda.anaconda.org/conda-forge/osx-arm64/libjpeg-turbo-3.0.0-hb547adb_1.conda
      - conda: https://conda.anaconda.org/conda-forge/osx-arm64/liblapack-3.9.0-22_osxarm64_openblas.conda
      - conda: https://conda.anaconda.org/conda-forge/osx-arm64/libopenblas-0.3.27-openmp_h6c19121_0.conda
      - conda: https://conda.anaconda.org/conda-forge/osx-arm64/libpng-1.6.43-h091b4b1_0.conda
      - conda: https://conda.anaconda.org/conda-forge/osx-arm64/libsqlite-3.45.3-h091b4b1_0.conda
      - conda: https://conda.anaconda.org/conda-forge/osx-arm64/libtiff-4.6.0-h07db509_3.conda
      - conda: https://conda.anaconda.org/conda-forge/osx-arm64/libwebp-base-1.4.0-h93a5062_0.conda
      - conda: https://conda.anaconda.org/conda-forge/osx-arm64/libxcb-1.15-hf346824_0.conda
      - conda: https://conda.anaconda.org/conda-forge/osx-arm64/libzlib-1.2.13-h53f4e23_5.conda
      - conda: https://conda.anaconda.org/conda-forge/osx-arm64/llvm-openmp-18.1.5-hde57baf_0.conda
      - conda: https://conda.anaconda.org/conda-forge/osx-arm64/matplotlib-3.8.4-py312h1f38498_0.conda
      - conda: https://conda.anaconda.org/conda-forge/osx-arm64/matplotlib-base-3.8.4-py312ha6faf65_0.conda
      - conda: https://conda.anaconda.org/conda-forge/noarch/munkres-1.1.4-pyh9f0ad1d_0.tar.bz2
      - conda: https://conda.anaconda.org/conda-forge/osx-arm64/ncurses-6.5-hb89a1cb_0.conda
      - conda: https://conda.anaconda.org/conda-forge/osx-arm64/numpy-1.26.4-py312h8442bc7_0.conda
      - conda: https://conda.anaconda.org/conda-forge/osx-arm64/openjpeg-2.5.2-h9f1df11_0.conda
      - conda: https://conda.anaconda.org/conda-forge/osx-arm64/openssl-3.3.0-h0d3ecfb_0.conda
      - conda: https://conda.anaconda.org/conda-forge/noarch/packaging-24.0-pyhd8ed1ab_0.conda
      - conda: https://conda.anaconda.org/conda-forge/osx-arm64/pillow-10.3.0-py312h8a801b1_0.conda
      - conda: https://conda.anaconda.org/conda-forge/osx-arm64/pthread-stubs-0.4-h27ca646_1001.tar.bz2
      - conda: https://conda.anaconda.org/conda-forge/noarch/pyparsing-3.1.2-pyhd8ed1ab_0.conda
      - conda: https://conda.anaconda.org/conda-forge/osx-arm64/python-3.12.3-h4a7b5fc_0_cpython.conda
      - conda: https://conda.anaconda.org/conda-forge/noarch/python-dateutil-2.9.0-pyhd8ed1ab_0.conda
      - conda: https://conda.anaconda.org/conda-forge/osx-arm64/python_abi-3.12-4_cp312.conda
      - conda: https://conda.anaconda.org/conda-forge/osx-arm64/rattler-build-0.16.0-hc069d6b_0.conda
      - conda: https://conda.anaconda.org/conda-forge/osx-arm64/readline-8.2-h92ec313_1.conda
      - conda: https://conda.anaconda.org/conda-forge/noarch/six-1.16.0-pyh6c4a22f_0.tar.bz2
      - conda: https://conda.anaconda.org/conda-forge/osx-arm64/tk-8.6.13-h5083fa2_1.conda
      - conda: https://conda.anaconda.org/conda-forge/osx-arm64/tornado-6.4-py312he37b823_0.conda
      - conda: https://conda.anaconda.org/conda-forge/noarch/tzdata-2024a-h0c530f3_0.conda
      - conda: https://conda.anaconda.org/conda-forge/osx-arm64/xorg-libxau-1.0.11-hb547adb_0.conda
      - conda: https://conda.anaconda.org/conda-forge/osx-arm64/xorg-libxdmcp-1.1.3-h27ca646_0.tar.bz2
      - conda: https://conda.anaconda.org/conda-forge/osx-arm64/xz-5.2.6-h57fd34a_0.tar.bz2
      - conda: https://conda.anaconda.org/conda-forge/osx-arm64/zstd-1.5.6-hb46c0d2_0.conda
packages:
- kind: conda
  name: brotli
  version: 1.1.0
  build: hb547adb_1
  build_number: 1
  subdir: osx-arm64
  url: https://conda.anaconda.org/conda-forge/osx-arm64/brotli-1.1.0-hb547adb_1.conda
  sha256: 62d1587deab752fcee07adc371eb20fcadc09f72c0c85399c22b637ca858020f
  md5: a33aa58d448cbc054f887e39dd1dfaea
  depends:
  - brotli-bin 1.1.0 hb547adb_1
  - libbrotlidec 1.1.0 hb547adb_1
  - libbrotlienc 1.1.0 hb547adb_1
  license: MIT
  license_family: MIT
  size: 19506
  timestamp: 1695990588610
- kind: conda
  name: brotli-bin
  version: 1.1.0
  build: hb547adb_1
  build_number: 1
  subdir: osx-arm64
  url: https://conda.anaconda.org/conda-forge/osx-arm64/brotli-bin-1.1.0-hb547adb_1.conda
  sha256: 8fbfc2834606292016f2faffac67deea4c5cdbc21a61169f0b355e1600105a24
  md5: 990d04f8c017b1b77103f9a7730a5f12
  depends:
  - libbrotlidec 1.1.0 hb547adb_1
  - libbrotlienc 1.1.0 hb547adb_1
  license: MIT
  license_family: MIT
  size: 17001
  timestamp: 1695990551239
- kind: conda
  name: bzip2
  version: 1.0.8
  build: h93a5062_5
  build_number: 5
  subdir: osx-arm64
  url: https://conda.anaconda.org/conda-forge/osx-arm64/bzip2-1.0.8-h93a5062_5.conda
  sha256: bfa84296a638bea78a8bb29abc493ee95f2a0218775642474a840411b950fe5f
  md5: 1bbc659ca658bfd49a481b5ef7a0f40f
  license: bzip2-1.0.6
  license_family: BSD
  size: 122325
  timestamp: 1699280294368
- kind: conda
  name: ca-certificates
  version: 2024.2.2
  build: hf0a4a13_0
  subdir: osx-arm64
  url: https://conda.anaconda.org/conda-forge/osx-arm64/ca-certificates-2024.2.2-hf0a4a13_0.conda
  sha256: 49bc3439816ac72d0c0e0f144b8cc870fdcc4adec2e861407ec818d8116b2204
  md5: fb416a1795f18dcc5a038bc2dc54edf9
  license: ISC
  size: 155725
  timestamp: 1706844034242
- kind: conda
  name: certifi
  version: 2024.2.2
  build: pyhd8ed1ab_0
  subdir: noarch
  noarch: python
  url: https://conda.anaconda.org/conda-forge/noarch/certifi-2024.2.2-pyhd8ed1ab_0.conda
  sha256: f1faca020f988696e6b6ee47c82524c7806380b37cfdd1def32f92c326caca54
  md5: 0876280e409658fc6f9e75d035960333
  depends:
  - python >=3.7
  license: ISC
  size: 160559
  timestamp: 1707022289175
- kind: conda
  name: contourpy
  version: 1.2.1
  build: py312h0fef576_0
  subdir: osx-arm64
  url: https://conda.anaconda.org/conda-forge/osx-arm64/contourpy-1.2.1-py312h0fef576_0.conda
  sha256: 89bb5c2f1f5daed13240d5fccfc51cd63b92293cee690c8b0a8f633971e588bb
  md5: f825cced50aa6ae9f6ae158a49ecb68c
  depends:
  - libcxx >=16
  - numpy >=1.20
  - python >=3.12,<3.13.0a0
  - python >=3.12,<3.13.0a0 *_cpython
  - python_abi 3.12.* *_cp312
  license: BSD-3-Clause
  license_family: BSD
  size: 239915
  timestamp: 1712430307181
- kind: conda
  name: cycler
  version: 0.12.1
  build: pyhd8ed1ab_0
  subdir: noarch
  noarch: python
  url: https://conda.anaconda.org/conda-forge/noarch/cycler-0.12.1-pyhd8ed1ab_0.conda
  sha256: f221233f21b1d06971792d491445fd548224641af9443739b4b7b6d5d72954a8
  md5: 5cd86562580f274031ede6aa6aa24441
  depends:
  - python >=3.8
  license: BSD-3-Clause
  license_family: BSD
  size: 13458
  timestamp: 1696677888423
- kind: conda
  name: fonttools
  version: 4.51.0
  build: py312he37b823_0
  subdir: osx-arm64
  url: https://conda.anaconda.org/conda-forge/osx-arm64/fonttools-4.51.0-py312he37b823_0.conda
  sha256: 2c6681ed2c3c31cc132d4ed8e5ba7d44cb330d4c61bd35970f9f5a410535d076
  md5: 30bd6e9be6d9f932bc54e7b88130bca3
  depends:
  - brotli
  - munkres
  - python >=3.12,<3.13.0a0
  - python >=3.12,<3.13.0a0 *_cpython
  - python_abi 3.12.* *_cp312
  license: MIT
  license_family: MIT
  size: 2688172
  timestamp: 1712345007991
- kind: conda
  name: freetype
  version: 2.12.1
  build: hadb7bae_2
  build_number: 2
  subdir: osx-arm64
  url: https://conda.anaconda.org/conda-forge/osx-arm64/freetype-2.12.1-hadb7bae_2.conda
  sha256: 791673127e037a2dc0eebe122dc4f904cb3f6e635bb888f42cbe1a76b48748d9
  md5: e6085e516a3e304ce41a8ee08b9b89ad
  depends:
  - libpng >=1.6.39,<1.7.0a0
  - libzlib >=1.2.13,<1.3.0a0
  license: GPL-2.0-only OR FTL
  size: 596430
  timestamp: 1694616332835
- kind: conda
  name: kiwisolver
  version: 1.4.5
  build: py312h389731b_1
  build_number: 1
  subdir: osx-arm64
  url: https://conda.anaconda.org/conda-forge/osx-arm64/kiwisolver-1.4.5-py312h389731b_1.conda
  sha256: ee1a2189dc405f59c27ee1f061076d8761684c0fcd38cccc215630d8debf9f85
  md5: 77eeca70c1c4f4187d6b199015c99ee5
  depends:
  - libcxx >=15.0.7
  - python >=3.12.0rc3,<3.13.0a0
  - python >=3.12.0rc3,<3.13.0a0 *_cpython
  - python_abi 3.12.* *_cp312
  license: BSD-3-Clause
  license_family: BSD
  size: 61747
  timestamp: 1695380538266
- kind: conda
  name: lcms2
  version: '2.16'
  build: ha0e7c42_0
  subdir: osx-arm64
  url: https://conda.anaconda.org/conda-forge/osx-arm64/lcms2-2.16-ha0e7c42_0.conda
  sha256: 151e0c84feb7e0747fabcc85006b8973b22f5abbc3af76a9add0b0ef0320ebe4
  md5: 66f6c134e76fe13cce8a9ea5814b5dd5
  depends:
  - libjpeg-turbo >=3.0.0,<4.0a0
  - libtiff >=4.6.0,<4.7.0a0
  license: MIT
  license_family: MIT
  size: 211959
  timestamp: 1701647962657
- kind: conda
  name: lerc
  version: 4.0.0
  build: h9a09cb3_0
  subdir: osx-arm64
  url: https://conda.anaconda.org/conda-forge/osx-arm64/lerc-4.0.0-h9a09cb3_0.tar.bz2
  sha256: 6f068bb53dfb6147d3147d981bb851bb5477e769407ad4e6a68edf482fdcb958
  md5: de462d5aacda3b30721b512c5da4e742
  depends:
  - libcxx >=13.0.1
  license: Apache-2.0
  license_family: Apache
  size: 215721
  timestamp: 1657977558796
- kind: conda
  name: libblas
  version: 3.9.0
  build: 22_osxarm64_openblas
  build_number: 22
  subdir: osx-arm64
  url: https://conda.anaconda.org/conda-forge/osx-arm64/libblas-3.9.0-22_osxarm64_openblas.conda
  sha256: 8620e13366076011cfcc6b2565c7a2d362c5d3f0423f54b9ef9bfc17b1a012a4
  md5: aeaf35355ef0f37c7c1ba35b7b7db55f
  depends:
  - libopenblas >=0.3.27,<0.3.28.0a0
  - libopenblas >=0.3.27,<1.0a0
  constrains:
  - blas * openblas
  - liblapack 3.9.0 22_osxarm64_openblas
  - liblapacke 3.9.0 22_osxarm64_openblas
  - libcblas 3.9.0 22_osxarm64_openblas
  license: BSD-3-Clause
  license_family: BSD
  size: 14824
  timestamp: 1712542396471
- kind: conda
  name: libbrotlicommon
  version: 1.1.0
  build: hb547adb_1
  build_number: 1
  subdir: osx-arm64
  url: https://conda.anaconda.org/conda-forge/osx-arm64/libbrotlicommon-1.1.0-hb547adb_1.conda
  sha256: 556f0fddf4bd4d35febab404d98cb6862ce3b7ca843e393da0451bfc4654cf07
  md5: cd68f024df0304be41d29a9088162b02
  license: MIT
  license_family: MIT
  size: 68579
  timestamp: 1695990426128
- kind: conda
  name: libbrotlidec
  version: 1.1.0
  build: hb547adb_1
  build_number: 1
  subdir: osx-arm64
  url: https://conda.anaconda.org/conda-forge/osx-arm64/libbrotlidec-1.1.0-hb547adb_1.conda
  sha256: c1c85937828ad3bc434ac60b7bcbde376f4d2ea4ee42d15d369bf2a591775b4a
  md5: ee1a519335cc10d0ec7e097602058c0a
  depends:
  - libbrotlicommon 1.1.0 hb547adb_1
  license: MIT
  license_family: MIT
  size: 28928
  timestamp: 1695990463780
- kind: conda
  name: libbrotlienc
  version: 1.1.0
  build: hb547adb_1
  build_number: 1
  subdir: osx-arm64
  url: https://conda.anaconda.org/conda-forge/osx-arm64/libbrotlienc-1.1.0-hb547adb_1.conda
  sha256: 690dfc98e891ee1871c54166d30f6e22edfc2d7d6b29e7988dde5f1ce271c81a
  md5: d7e077f326a98b2cc60087eaff7c730b
  depends:
  - libbrotlicommon 1.1.0 hb547adb_1
  license: MIT
  license_family: MIT
  size: 280943
  timestamp: 1695990509392
- kind: conda
  name: libcblas
  version: 3.9.0
  build: 22_osxarm64_openblas
  build_number: 22
  subdir: osx-arm64
  url: https://conda.anaconda.org/conda-forge/osx-arm64/libcblas-3.9.0-22_osxarm64_openblas.conda
  sha256: 2c7902985dc77db1d7252b4e838d92a34b1729799ae402988d62d077868f6cca
  md5: 37b3682240a69874a22658dedbca37d9
  depends:
  - libblas 3.9.0 22_osxarm64_openblas
  constrains:
  - blas * openblas
  - liblapack 3.9.0 22_osxarm64_openblas
  - liblapacke 3.9.0 22_osxarm64_openblas
  license: BSD-3-Clause
  license_family: BSD
  size: 14741
  timestamp: 1712542420590
- kind: conda
  name: libcxx
  version: 17.0.6
  build: h5f092b4_0
  subdir: osx-arm64
  url: https://conda.anaconda.org/conda-forge/osx-arm64/libcxx-17.0.6-h5f092b4_0.conda
  sha256: 119d3d9306f537d4c89dc99ed99b94c396d262f0b06f7833243646f68884f2c2
  md5: a96fd5dda8ce56c86a971e0fa02751d0
  depends:
  - __osx >=11.0
  license: Apache-2.0 WITH LLVM-exception
  license_family: Apache
  size: 1248885
  timestamp: 1715020154867
- kind: conda
  name: libdeflate
  version: '1.20'
  build: h93a5062_0
  subdir: osx-arm64
  url: https://conda.anaconda.org/conda-forge/osx-arm64/libdeflate-1.20-h93a5062_0.conda
  sha256: 6d16cccb141b6bb05c38107b335089046664ea1d6611601d3f6e7e4227a99925
  md5: 97efeaeba2a9a82bdf46fc6d025e3a57
  license: MIT
  license_family: MIT
  size: 54481
  timestamp: 1711196723486
- kind: conda
  name: libexpat
  version: 2.6.2
  build: hebf3989_0
  subdir: osx-arm64
  url: https://conda.anaconda.org/conda-forge/osx-arm64/libexpat-2.6.2-hebf3989_0.conda
  sha256: ba7173ac30064ea901a4c9fb5a51846dcc25512ceb565759be7d18cbf3e5415e
  md5: e3cde7cfa87f82f7cb13d482d5e0ad09
  constrains:
  - expat 2.6.2.*
  license: MIT
  license_family: MIT
  size: 63655
  timestamp: 1710362424980
- kind: conda
  name: libffi
  version: 3.4.2
  build: h3422bc3_5
  build_number: 5
  subdir: osx-arm64
  url: https://conda.anaconda.org/conda-forge/osx-arm64/libffi-3.4.2-h3422bc3_5.tar.bz2
  sha256: 41b3d13efb775e340e4dba549ab5c029611ea6918703096b2eaa9c015c0750ca
  md5: 086914b672be056eb70fd4285b6783b6
  license: MIT
  license_family: MIT
  size: 39020
  timestamp: 1636488587153
- kind: conda
  name: libgfortran
  version: 5.0.0
  build: 13_2_0_hd922786_3
  build_number: 3
  subdir: osx-arm64
  url: https://conda.anaconda.org/conda-forge/osx-arm64/libgfortran-5.0.0-13_2_0_hd922786_3.conda
  sha256: 44e541b4821c96b28b27fef5630883a60ce4fee91fd9c79f25a199f8f73f337b
  md5: 4a55d9e169114b2b90d3ec4604cd7bbf
  depends:
  - libgfortran5 13.2.0 hf226fd6_3
  license: GPL-3.0-only WITH GCC-exception-3.1
  license_family: GPL
  size: 110233
  timestamp: 1707330749033
- kind: conda
  name: libgfortran5
  version: 13.2.0
  build: hf226fd6_3
  build_number: 3
  subdir: osx-arm64
  url: https://conda.anaconda.org/conda-forge/osx-arm64/libgfortran5-13.2.0-hf226fd6_3.conda
  sha256: bafc679eedb468a86aa4636061c55966186399ee0a04b605920d208d97ac579a
  md5: 66ac81d54e95c534ae488726c1f698ea
  depends:
  - llvm-openmp >=8.0.0
  constrains:
  - libgfortran 5.0.0 13_2_0_*_3
  license: GPL-3.0-only WITH GCC-exception-3.1
  license_family: GPL
  size: 997381
  timestamp: 1707330687590
- kind: conda
  name: libjpeg-turbo
  version: 3.0.0
  build: hb547adb_1
  build_number: 1
  subdir: osx-arm64
  url: https://conda.anaconda.org/conda-forge/osx-arm64/libjpeg-turbo-3.0.0-hb547adb_1.conda
  sha256: a42054eaa38e84fc1e5ab443facac4bbc9d1b6b6f23f54b7bf4f1eb687e1d993
  md5: 3ff1e053dc3a2b8e36b9bfa4256a58d1
  constrains:
  - jpeg <0.0.0a
  license: IJG AND BSD-3-Clause AND Zlib
  size: 547541
  timestamp: 1694475104253
- kind: conda
  name: liblapack
  version: 3.9.0
  build: 22_osxarm64_openblas
  build_number: 22
  subdir: osx-arm64
  url: https://conda.anaconda.org/conda-forge/osx-arm64/liblapack-3.9.0-22_osxarm64_openblas.conda
  sha256: 2b1b24c98d15a6a3ad54cf7c8fef1ddccf84b7c557cde08235aaeffd1ff50ee8
  md5: f2794950bc005e123b2c21f7fa3d7a6e
  depends:
  - libblas 3.9.0 22_osxarm64_openblas
  constrains:
  - blas * openblas
  - liblapacke 3.9.0 22_osxarm64_openblas
  - libcblas 3.9.0 22_osxarm64_openblas
  license: BSD-3-Clause
  license_family: BSD
  size: 14730
  timestamp: 1712542435551
- kind: conda
  name: libopenblas
  version: 0.3.27
  build: openmp_h6c19121_0
  subdir: osx-arm64
  url: https://conda.anaconda.org/conda-forge/osx-arm64/libopenblas-0.3.27-openmp_h6c19121_0.conda
  sha256: feb2662444fc98a4842fe54cc70b1f109b2146108e7bac2b3bbad1f219cede90
  md5: 82eba59f4eca26a9fc904d584f8761c0
  depends:
  - libgfortran 5.*
  - libgfortran5 >=12.3.0
  - llvm-openmp >=16.0.6
  constrains:
  - openblas >=0.3.27,<0.3.28.0a0
  license: BSD-3-Clause
  license_family: BSD
  size: 2925015
  timestamp: 1712364212874
- kind: conda
  name: libpng
  version: 1.6.43
  build: h091b4b1_0
  subdir: osx-arm64
  url: https://conda.anaconda.org/conda-forge/osx-arm64/libpng-1.6.43-h091b4b1_0.conda
  sha256: 66c4713b07408398f2221229a1c1d5df57d65dc0902258113f2d9ecac4772495
  md5: 77e684ca58d82cae9deebafb95b1a2b8
  depends:
  - libzlib >=1.2.13,<1.3.0a0
  license: zlib-acknowledgement
  size: 264177
  timestamp: 1708780447187
- kind: conda
  name: libsqlite
  version: 3.45.3
  build: h091b4b1_0
  subdir: osx-arm64
  url: https://conda.anaconda.org/conda-forge/osx-arm64/libsqlite-3.45.3-h091b4b1_0.conda
  sha256: 4337f466eb55bbdc74e168b52ec8c38f598e3664244ec7a2536009036e2066cc
  md5: c8c1186c7f3351f6ffddb97b1f54fc58
  depends:
  - libzlib >=1.2.13,<1.3.0a0
  license: Unlicense
  size: 824794
  timestamp: 1713367748819
- kind: conda
  name: libtiff
  version: 4.6.0
  build: h07db509_3
  build_number: 3
  subdir: osx-arm64
  url: https://conda.anaconda.org/conda-forge/osx-arm64/libtiff-4.6.0-h07db509_3.conda
  sha256: 6df3e129682f6dc43826e5028e1807624b2a7634c4becbb50e56be9f77167f25
  md5: 28c9f8c6dd75666dfb296aea06c49cb8
  depends:
  - lerc >=4.0.0,<5.0a0
  - libcxx >=16
  - libdeflate >=1.20,<1.21.0a0
  - libjpeg-turbo >=3.0.0,<4.0a0
  - libwebp-base >=1.3.2,<2.0a0
  - libzlib >=1.2.13,<1.3.0a0
  - xz >=5.2.6,<6.0a0
  - zstd >=1.5.5,<1.6.0a0
  license: HPND
  size: 238349
  timestamp: 1711218119201
- kind: conda
  name: libwebp-base
  version: 1.4.0
  build: h93a5062_0
  subdir: osx-arm64
  url: https://conda.anaconda.org/conda-forge/osx-arm64/libwebp-base-1.4.0-h93a5062_0.conda
  sha256: 0d4bad713a512d79bfeb4d61821f447afab8b0792aca823f505ce6b195e9fde5
  md5: c0af0edfebe780b19940e94871f1a765
  constrains:
  - libwebp 1.4.0
  license: BSD-3-Clause
  license_family: BSD
  size: 287750
  timestamp: 1713200194013
- kind: conda
  name: libxcb
  version: '1.15'
  build: hf346824_0
  subdir: osx-arm64
  url: https://conda.anaconda.org/conda-forge/osx-arm64/libxcb-1.15-hf346824_0.conda
  sha256: 6eaa87760ff3e91bb5524189700139db46f8946ff6331f4e571e4a9356edbb0d
  md5: 988d5f86ab60fa6de91b3ee3a88a3af9
  depends:
  - pthread-stubs
  - xorg-libxau
  - xorg-libxdmcp
  license: MIT
  license_family: MIT
  size: 334770
  timestamp: 1682082734262
- kind: conda
  name: libzlib
  version: 1.2.13
  build: h53f4e23_5
  build_number: 5
  subdir: osx-arm64
  url: https://conda.anaconda.org/conda-forge/osx-arm64/libzlib-1.2.13-h53f4e23_5.conda
  sha256: ab1c8aefa2d54322a63aaeeefe9cf877411851738616c4068e0dccc66b9c758a
  md5: 1a47f5236db2e06a320ffa0392f81bd8
  constrains:
  - zlib 1.2.13 *_5
  license: Zlib
  license_family: Other
  size: 48102
  timestamp: 1686575426584
- kind: conda
  name: llvm-openmp
  version: 18.1.5
  build: hde57baf_0
  subdir: osx-arm64
  url: https://conda.anaconda.org/conda-forge/osx-arm64/llvm-openmp-18.1.5-hde57baf_0.conda
  sha256: c9ecaaa3d83215753a54f66038480582eff632196ed0df7763ca320154d00526
  md5: 5b0ef7f8e9f413cbfd53573da96cae1b
  depends:
  - __osx >=11.0
  constrains:
  - openmp 18.1.5|18.1.5.*
  license: Apache-2.0 WITH LLVM-exception
  license_family: APACHE
  size: 276522
  timestamp: 1714984701521
- kind: conda
  name: matplotlib
  version: 3.8.4
  build: py312h1f38498_0
  subdir: osx-arm64
  url: https://conda.anaconda.org/conda-forge/osx-arm64/matplotlib-3.8.4-py312h1f38498_0.conda
  sha256: 4651d701b5c3d4598329e9d2aa2bbb8a3885db2608def1a70a69bd3dad165d62
  md5: abe7b1e19a0b459c94da4b785664ca74
  depends:
  - matplotlib-base >=3.8.4,<3.8.5.0a0
  - python >=3.12,<3.13.0a0
  - python_abi 3.12.* *_cp312
  - tornado >=5
  license: PSF-2.0
  license_family: PSF
  size: 8616
  timestamp: 1712606663191
- kind: conda
  name: matplotlib-base
  version: 3.8.4
  build: py312ha6faf65_0
  subdir: osx-arm64
  url: https://conda.anaconda.org/conda-forge/osx-arm64/matplotlib-base-3.8.4-py312ha6faf65_0.conda
  sha256: ecf374bf25cbb0e9739ef1869189956fee40e176239c5383472823f89f7d407d
  md5: db0735debe4ba42187aa5d46338fe697
  depends:
  - certifi >=2020.06.20
  - contourpy >=1.0.1
  - cycler >=0.10
  - fonttools >=4.22.0
  - freetype >=2.12.1,<3.0a0
  - kiwisolver >=1.3.1
  - libcxx >=16
  - numpy >=1.21,<2
  - numpy >=1.26.4,<2.0a0
  - packaging >=20.0
  - pillow >=8
  - pyparsing >=2.3.1
  - python >=3.12,<3.13.0a0
  - python >=3.12,<3.13.0a0 *_cpython
  - python-dateutil >=2.7
  - python_abi 3.12.* *_cp312
  license: PSF-2.0
  license_family: PSF
  size: 7737709
  timestamp: 1712606601800
- kind: conda
  name: munkres
  version: 1.1.4
  build: pyh9f0ad1d_0
  subdir: noarch
  noarch: python
  url: https://conda.anaconda.org/conda-forge/noarch/munkres-1.1.4-pyh9f0ad1d_0.tar.bz2
  sha256: f86fb22b58e93d04b6f25e0d811b56797689d598788b59dcb47f59045b568306
  md5: 2ba8498c1018c1e9c61eb99b973dfe19
  depends:
  - python
  license: Apache-2.0
  license_family: Apache
  size: 12452
  timestamp: 1600387789153
- kind: conda
  name: ncurses
  version: '6.5'
  build: hb89a1cb_0
  subdir: osx-arm64
  url: https://conda.anaconda.org/conda-forge/osx-arm64/ncurses-6.5-hb89a1cb_0.conda
  sha256: 87d7cf716d9d930dab682cb57b3b8d3a61940b47d6703f3529a155c938a6990a
  md5: b13ad5724ac9ae98b6b4fd87e4500ba4
  license: X11 AND BSD-3-Clause
  size: 795131
  timestamp: 1715194898402
- kind: conda
  name: numpy
  version: 1.26.4
  build: py312h8442bc7_0
  subdir: osx-arm64
  url: https://conda.anaconda.org/conda-forge/osx-arm64/numpy-1.26.4-py312h8442bc7_0.conda
  sha256: c8841d6d6f61fd70ca80682efbab6bdb8606dc77c68d8acabfbd7c222054f518
  md5: d83fc83d589e2625a3451c9a7e21047c
  depends:
  - libblas >=3.9.0,<4.0a0
  - libcblas >=3.9.0,<4.0a0
  - libcxx >=16
  - liblapack >=3.9.0,<4.0a0
  - python >=3.12,<3.13.0a0
  - python >=3.12,<3.13.0a0 *_cpython
  - python_abi 3.12.* *_cp312
  constrains:
  - numpy-base <0a0
  license: BSD-3-Clause
  license_family: BSD
  size: 6073136
  timestamp: 1707226249608
- kind: conda
  name: openjpeg
  version: 2.5.2
  build: h9f1df11_0
  subdir: osx-arm64
  url: https://conda.anaconda.org/conda-forge/osx-arm64/openjpeg-2.5.2-h9f1df11_0.conda
  sha256: 472d6eaffc1996e6af35ec8e91c967f472a536a470079bfa56383cc0dbf4d463
  md5: 5029846003f0bc14414b9128a1f7c84b
  depends:
  - libcxx >=16
  - libpng >=1.6.43,<1.7.0a0
  - libtiff >=4.6.0,<4.7.0a0
  - libzlib >=1.2.13,<1.3.0a0
  license: BSD-2-Clause
  license_family: BSD
  size: 316603
  timestamp: 1709159627299
- kind: conda
  name: openssl
  version: 3.3.0
  build: h0d3ecfb_0
  subdir: osx-arm64
  url: https://conda.anaconda.org/conda-forge/osx-arm64/openssl-3.3.0-h0d3ecfb_0.conda
  sha256: 51f9be8fe929c2bb3243cd0707b6dfcec27541f8284b4bd9b063c288fc46f482
  md5: 25b0e522c3131886a637e347b2ca0c0f
  depends:
  - ca-certificates
  constrains:
  - pyopenssl >=22.1
  license: Apache-2.0
  license_family: Apache
  size: 2888226
  timestamp: 1714466346030
- kind: conda
  name: packaging
  version: '24.0'
  build: pyhd8ed1ab_0
  subdir: noarch
  noarch: python
  url: https://conda.anaconda.org/conda-forge/noarch/packaging-24.0-pyhd8ed1ab_0.conda
  sha256: a390182d74c31dfd713c16db888c92c277feeb6d1fe96ff9d9c105f9564be48a
  md5: 248f521b64ce055e7feae3105e7abeb8
  depends:
  - python >=3.8
  license: Apache-2.0
  license_family: APACHE
  size: 49832
  timestamp: 1710076089469
- kind: conda
  name: pillow
  version: 10.3.0
  build: py312h8a801b1_0
  subdir: osx-arm64
  url: https://conda.anaconda.org/conda-forge/osx-arm64/pillow-10.3.0-py312h8a801b1_0.conda
  sha256: 26bc04e81ae5fce70e4b72478dadea29d32b693eed17640be7721108a3c9af0d
  md5: 1d42544faaed27dce36268912b8dfedf
  depends:
  - freetype >=2.12.1,<3.0a0
  - lcms2 >=2.16,<3.0a0
  - libjpeg-turbo >=3.0.0,<4.0a0
  - libtiff >=4.6.0,<4.7.0a0
  - libwebp-base >=1.3.2,<2.0a0
  - libxcb >=1.15,<1.16.0a0
  - libzlib >=1.2.13,<1.3.0a0
  - openjpeg >=2.5.2,<3.0a0
  - python >=3.12,<3.13.0a0
  - python >=3.12,<3.13.0a0 *_cpython
  - python_abi 3.12.* *_cp312
  - tk >=8.6.13,<8.7.0a0
  license: HPND
  size: 42729895
  timestamp: 1712155044162
- kind: conda
  name: pthread-stubs
  version: '0.4'
  build: h27ca646_1001
  build_number: 1001
  subdir: osx-arm64
  url: https://conda.anaconda.org/conda-forge/osx-arm64/pthread-stubs-0.4-h27ca646_1001.tar.bz2
  sha256: 9da9e6f5d51dff6ad2e4ee0874791437ba952e0a6249942273f0fedfd07ea826
  md5: d3f26c6494d4105d4ecb85203d687102
  license: MIT
  license_family: MIT
  size: 5696
  timestamp: 1606147608402
- kind: conda
  name: pyparsing
  version: 3.1.2
  build: pyhd8ed1ab_0
  subdir: noarch
  noarch: python
  url: https://conda.anaconda.org/conda-forge/noarch/pyparsing-3.1.2-pyhd8ed1ab_0.conda
  sha256: 06c77cb03e5dde2d939b216c99dd2db52ea93a4c7c599f3882f136005c359c7b
  md5: b9a4dacf97241704529131a0dfc0494f
  depends:
  - python >=3.6
  license: MIT
  license_family: MIT
  size: 89455
  timestamp: 1709721146886
- kind: conda
  name: python
  version: 3.12.3
  build: h4a7b5fc_0_cpython
  subdir: osx-arm64
  url: https://conda.anaconda.org/conda-forge/osx-arm64/python-3.12.3-h4a7b5fc_0_cpython.conda
  sha256: c761fb3713ea66bce3889b33b6f400afb2dd192d1fc2686446e9d8166cfcec6b
  md5: 8643ab37bece6ae8f112464068d9df9c
  depends:
  - __osx >=11.0
  - bzip2 >=1.0.8,<2.0a0
  - libexpat >=2.6.2,<3.0a0
  - libffi >=3.4,<4.0a0
  - libsqlite >=3.45.2,<4.0a0
  - libzlib >=1.2.13,<1.3.0a0
  - ncurses >=6.4.20240210,<7.0a0
  - openssl >=3.2.1,<4.0a0
  - readline >=8.2,<9.0a0
  - tk >=8.6.13,<8.7.0a0
  - tzdata
  - xz >=5.2.6,<6.0a0
  constrains:
  - python_abi 3.12.* *_cp312
  license: Python-2.0
  size: 13207557
  timestamp: 1713206576646
- kind: conda
  name: python-dateutil
  version: 2.9.0
  build: pyhd8ed1ab_0
  subdir: noarch
  noarch: python
  url: https://conda.anaconda.org/conda-forge/noarch/python-dateutil-2.9.0-pyhd8ed1ab_0.conda
  sha256: f3ceef02ac164a8d3a080d0d32f8e2ebe10dd29e3a685d240e38b3599e146320
  md5: 2cf4264fffb9e6eff6031c5b6884d61c
  depends:
  - python >=3.7
  - six >=1.5
  license: Apache-2.0
  license_family: APACHE
  size: 222742
  timestamp: 1709299922152
- kind: conda
  name: python_abi
  version: '3.12'
  build: 4_cp312
  build_number: 4
  subdir: osx-arm64
  url: https://conda.anaconda.org/conda-forge/osx-arm64/python_abi-3.12-4_cp312.conda
  sha256: db25428e4f24f8693ffa39f3ff6dfbb8fd53bc298764b775b57edab1c697560f
  md5: bbb3a02c78b2d8219d7213f76d644a2a
  constrains:
  - python 3.12.* *_cpython
  license: BSD-3-Clause
  license_family: BSD
  size: 6508
  timestamp: 1695147497048
- kind: conda
  name: rattler-build
  version: 0.16.0
  build: hc069d6b_0
  subdir: osx-arm64
  url: https://conda.anaconda.org/conda-forge/osx-arm64/rattler-build-0.16.0-hc069d6b_0.conda
  sha256: 15d96b0c23cb573149c6f2fc36b5e8905ad93729511f9ffc0533d8405c1be44a
  md5: 39eac08dd0059a13483d0e465677039d
  depends:
  - __osx >=11.0
  - libcxx >=16
  constrains:
  - __osx >=11.0
  license: BSD-3-Clause
  license_family: BSD
  size: 7201188
  timestamp: 1715068386968
- kind: conda
  name: readline
  version: '8.2'
  build: h92ec313_1
  build_number: 1
  subdir: osx-arm64
  url: https://conda.anaconda.org/conda-forge/osx-arm64/readline-8.2-h92ec313_1.conda
  sha256: a1dfa679ac3f6007362386576a704ad2d0d7a02e98f5d0b115f207a2da63e884
  md5: 8cbb776a2f641b943d413b3e19df71f4
  depends:
  - ncurses >=6.3,<7.0a0
  license: GPL-3.0-only
  license_family: GPL
  size: 250351
  timestamp: 1679532511311
- kind: conda
  name: six
  version: 1.16.0
  build: pyh6c4a22f_0
  subdir: noarch
  noarch: python
  url: https://conda.anaconda.org/conda-forge/noarch/six-1.16.0-pyh6c4a22f_0.tar.bz2
  sha256: a85c38227b446f42c5b90d9b642f2c0567880c15d72492d8da074a59c8f91dd6
  md5: e5f25f8dbc060e9a8d912e432202afc2
  depends:
  - python
  license: MIT
  license_family: MIT
  size: 14259
  timestamp: 1620240338595
- kind: conda
  name: tk
  version: 8.6.13
  build: h5083fa2_1
  build_number: 1
  subdir: osx-arm64
  url: https://conda.anaconda.org/conda-forge/osx-arm64/tk-8.6.13-h5083fa2_1.conda
  sha256: 72457ad031b4c048e5891f3f6cb27a53cb479db68a52d965f796910e71a403a8
  md5: b50a57ba89c32b62428b71a875291c9b
  depends:
  - libzlib >=1.2.13,<1.3.0a0
  license: TCL
  license_family: BSD
  size: 3145523
  timestamp: 1699202432999
- kind: conda
  name: tornado
  version: '6.4'
  build: py312he37b823_0
  subdir: osx-arm64
  url: https://conda.anaconda.org/conda-forge/osx-arm64/tornado-6.4-py312he37b823_0.conda
  sha256: 28495954c50ce9034fedf0a528c6f265c72aa3176eb16d3c054ec3cd7b6b28f0
  md5: a081e28c706477c8158f0432cc67c849
  depends:
  - python >=3.12,<3.13.0a0
  - python >=3.12,<3.13.0a0 *_cpython
  - python_abi 3.12.* *_cp312
  license: Apache-2.0
  license_family: Apache
  size: 840705
  timestamp: 1708363705502
- kind: conda
  name: tzdata
  version: 2024a
  build: h0c530f3_0
  subdir: noarch
  noarch: generic
  url: https://conda.anaconda.org/conda-forge/noarch/tzdata-2024a-h0c530f3_0.conda
  sha256: 7b2b69c54ec62a243eb6fba2391b5e443421608c3ae5dbff938ad33ca8db5122
  md5: 161081fc7cec0bfda0d86d7cb595f8d8
  license: LicenseRef-Public-Domain
  size: 119815
  timestamp: 1706886945727
- kind: conda
  name: xorg-libxau
  version: 1.0.11
  build: hb547adb_0
  subdir: osx-arm64
  url: https://conda.anaconda.org/conda-forge/osx-arm64/xorg-libxau-1.0.11-hb547adb_0.conda
  sha256: 02c313a1cada46912e5b9bdb355cfb4534bfe22143b4ea4ecc419690e793023b
  md5: ca73dc4f01ea91e44e3ed76602c5ea61
  license: MIT
  license_family: MIT
  size: 13667
  timestamp: 1684638272445
- kind: conda
  name: xorg-libxdmcp
  version: 1.1.3
  build: h27ca646_0
  subdir: osx-arm64
  url: https://conda.anaconda.org/conda-forge/osx-arm64/xorg-libxdmcp-1.1.3-h27ca646_0.tar.bz2
  sha256: d9a2fb4762779994718832f05a7d62ab2dcf6103a312235267628b5187ce88f7
  md5: 6738b13f7fadc18725965abdd4129c36
  license: MIT
  license_family: MIT
  size: 18164
  timestamp: 1610071737668
- kind: conda
  name: xz
  version: 5.2.6
  build: h57fd34a_0
  subdir: osx-arm64
  url: https://conda.anaconda.org/conda-forge/osx-arm64/xz-5.2.6-h57fd34a_0.tar.bz2
  sha256: 59d78af0c3e071021cfe82dc40134c19dab8cdf804324b62940f5c8cd71803ec
  md5: 39c6b54e94014701dd157f4f576ed211
  license: LGPL-2.1 and GPL-2.0
  size: 235693
  timestamp: 1660346961024
- kind: conda
  name: zstd
  version: 1.5.6
  build: hb46c0d2_0
  subdir: osx-arm64
  url: https://conda.anaconda.org/conda-forge/osx-arm64/zstd-1.5.6-hb46c0d2_0.conda
  sha256: 2d4fd1ff7ee79cd954ca8e81abf11d9d49954dd1fef80f27289e2402ae9c2e09
  md5: d96942c06c3e84bfcc5efb038724a7fd
  depends:
  - __osx >=11.0
  - libzlib >=1.2.13,<1.3.0a0
  license: BSD-3-Clause
  license_family: BSD
  size: 405089
  timestamp: 1714723101397
